
Microsoft Visual Studio Solution File, Format Version 12.00
Project("{FAE04EC0-301F-11D3-BF4B-00C04F79EFBC}") = "BaryonyxBudgeting", "BaryonyxBudgeting\BaryonyxBudgeting.csproj", "{C1438D6B-E55E-4FB4-BBDD-C81D664D9C44}"
EndProject
Project("{FAE04EC0-301F-11D3-BF4B-00C04F79EFBC}") = "Baryonyx.Budgets", "Baryonyx.Budgets\Baryonyx.Budgets.csproj", "{19ECF079-9957-4A81-AF75-C9BAAA090D29}"
EndProject
Project("{FAE04EC0-301F-11D3-BF4B-00C04F79EFBC}") = "Baryonyx.Security", "Baryonyx.Security\Baryonyx.Security.csproj", "{EE97D35D-4C95-4CD9-8661-FF092B48F529}"
EndProject
Project("{FAE04EC0-301F-11D3-BF4B-00C04F79EFBC}") = "Baryonyx.Users", "Baryonyx.Users\Baryonyx.Users.csproj", "{84E33767-F4B2-4BF6-9470-665091229C27}"
EndProject
Project("{FAE04EC0-301F-11D3-BF4B-00C04F79EFBC}") = "Baryonyx.Tests", "Baryonyx.Tests\Baryonyx.Tests.csproj", "{E90C9839-3509-4B75-A0F5-A1FCC4951454}"
EndProject
Global
	GlobalSection(SolutionConfigurationPlatforms) = preSolution
		Debug|Any CPU = Debug|Any CPU
		Release|Any CPU = Release|Any CPU
	EndGlobalSection
	GlobalSection(ProjectConfigurationPlatforms) = postSolution
		{C1438D6B-E55E-4FB4-BBDD-C81D664D9C44}.Debug|Any CPU.ActiveCfg = Debug|Any CPU
		{C1438D6B-E55E-4FB4-BBDD-C81D664D9C44}.Debug|Any CPU.Build.0 = Debug|Any CPU
		{C1438D6B-E55E-4FB4-BBDD-C81D664D9C44}.Release|Any CPU.ActiveCfg = Release|Any CPU
		{C1438D6B-E55E-4FB4-BBDD-C81D664D9C44}.Release|Any CPU.Build.0 = Release|Any CPU
		{19ECF079-9957-4A81-AF75-C9BAAA090D29}.Debug|Any CPU.ActiveCfg = Debug|Any CPU
		{19ECF079-9957-4A81-AF75-C9BAAA090D29}.Debug|Any CPU.Build.0 = Debug|Any CPU
		{19ECF079-9957-4A81-AF75-C9BAAA090D29}.Release|Any CPU.ActiveCfg = Release|Any CPU
		{19ECF079-9957-4A81-AF75-C9BAAA090D29}.Release|Any CPU.Build.0 = Release|Any CPU
		{EE97D35D-4C95-4CD9-8661-FF092B48F529}.Debug|Any CPU.ActiveCfg = Debug|Any CPU
		{EE97D35D-4C95-4CD9-8661-FF092B48F529}.Debug|Any CPU.Build.0 = Debug|Any CPU
		{EE97D35D-4C95-4CD9-8661-FF092B48F529}.Release|Any CPU.ActiveCfg = Release|Any CPU
		{EE97D35D-4C95-4CD9-8661-FF092B48F529}.Release|Any CPU.Build.0 = Release|Any CPU
		{84E33767-F4B2-4BF6-9470-665091229C27}.Debug|Any CPU.ActiveCfg = Debug|Any CPU
		{84E33767-F4B2-4BF6-9470-665091229C27}.Debug|Any CPU.Build.0 = Debug|Any CPU
		{84E33767-F4B2-4BF6-9470-665091229C27}.Release|Any CPU.ActiveCfg = Release|Any CPU
		{84E33767-F4B2-4BF6-9470-665091229C27}.Release|Any CPU.Build.0 = Release|Any CPU
		{E90C9839-3509-4B75-A0F5-A1FCC4951454}.Debug|Any CPU.ActiveCfg = Debug|Any CPU
		{E90C9839-3509-4B75-A0F5-A1FCC4951454}.Debug|Any CPU.Build.0 = Debug|Any CPU
		{E90C9839-3509-4B75-A0F5-A1FCC4951454}.Release|Any CPU.ActiveCfg = Release|Any CPU
		{E90C9839-3509-4B75-A0F5-A1FCC4951454}.Release|Any CPU.Build.0 = Release|Any CPU
	EndGlobalSection
EndGlobal
